
Microsoft Visual Studio Solution File, Format Version 12.00
# Visual Studio 2012
Project("{E24C65DC-7377-472B-9ABA-BC803B73C61A}") = "TrailFinder", ".", "{7F4DBC6D-0CEF-4C35-AF18-850F1452F18F}"
	ProjectSection(WebsiteProperties) = preProject
		TargetFrameworkMoniker = ".NETFramework,Version%3Dv4.0"
		Debug.AspNetCompiler.VirtualPath = "/TrailFinder"
		Debug.AspNetCompiler.PhysicalPath = "..\TrailFinder\"
		Debug.AspNetCompiler.TargetPath = "PrecompiledWeb\TrailFinder\"
		Debug.AspNetCompiler.Updateable = "true"
		Debug.AspNetCompiler.ForceOverwrite = "true"
		Debug.AspNetCompiler.FixedNames = "false"
		Debug.AspNetCompiler.Debug = "True"
		Release.AspNetCompiler.VirtualPath = "/TrailFinder"
		Release.AspNetCompiler.PhysicalPath = "..\TrailFinder\"
		Release.AspNetCompiler.TargetPath = "PrecompiledWeb\TrailFinder\"
		Release.AspNetCompiler.Updateable = "true"
		Release.AspNetCompiler.ForceOverwrite = "true"
		Release.AspNetCompiler.FixedNames = "false"
		Release.AspNetCompiler.Debug = "False"
		VWDPort = "58360"
	EndProjectSection
EndProject
Global
	GlobalSection(SolutionConfigurationPlatforms) = preSolution
		Debug|Any CPU = Debug|Any CPU
	EndGlobalSection
	GlobalSection(ProjectConfigurationPlatforms) = postSolution
		{7F4DBC6D-0CEF-4C35-AF18-850F1452F18F}.Debug|Any CPU.ActiveCfg = Debug|Any CPU
		{7F4DBC6D-0CEF-4C35-AF18-850F1452F18F}.Debug|Any CPU.Build.0 = Debug|Any CPU
	EndGlobalSection
	GlobalSection(SolutionProperties) = preSolution
		HideSolutionNode = FALSE
	EndGlobalSection
EndGlobal
